
Microsoft Visual Studio Solution File, Format Version 12.00
# Visual Studio Version 16
VisualStudioVersion = 16.0.31727.386
MinimumVisualStudioVersion = 10.0.40219.1
Project("{9A19103F-16F7-4668-BE54-9A1E7A4F7556}") = "Repro.Web", "Repro.Web.csproj", "{C2B6F673-DEB5-4CCF-B4F9-5EBE557EA489}"
EndProject
Project("{9A19103F-16F7-4668-BE54-9A1E7A4F7556}") = "Repro.WebJobs", "..\Repro.WebJobs\Repro.WebJobs.csproj", "{AAC99E8D-5E2E-4022-BCF0-9B8A3D7821CD}"
EndProject
Global
	GlobalSection(SolutionConfigurationPlatforms) = preSolution
		Debug|Any CPU = Debug|Any CPU
		Release|Any CPU = Release|Any CPU
	EndGlobalSection
	GlobalSection(ProjectConfigurationPlatforms) = postSolution
		{C2B6F673-DEB5-4CCF-B4F9-5EBE557EA489}.Debug|Any CPU.ActiveCfg = Debug|Any CPU
		{C2B6F673-DEB5-4CCF-B4F9-5EBE557EA489}.Debug|Any CPU.Build.0 = Debug|Any CPU
		{C2B6F673-DEB5-4CCF-B4F9-5EBE557EA489}.Release|Any CPU.ActiveCfg = Release|Any CPU
		{C2B6F673-DEB5-4CCF-B4F9-5EBE557EA489}.Release|Any CPU.Build.0 = Release|Any CPU
		{AAC99E8D-5E2E-4022-BCF0-9B8A3D7821CD}.Debug|Any CPU.ActiveCfg = Debug|Any CPU
		{AAC99E8D-5E2E-4022-BCF0-9B8A3D7821CD}.Debug|Any CPU.Build.0 = Debug|Any CPU
		{AAC99E8D-5E2E-4022-BCF0-9B8A3D7821CD}.Release|Any CPU.ActiveCfg = Release|Any CPU
		{AAC99E8D-5E2E-4022-BCF0-9B8A3D7821CD}.Release|Any CPU.Build.0 = Release|Any CPU
	EndGlobalSection
	GlobalSection(SolutionProperties) = preSolution
		HideSolutionNode = FALSE
	EndGlobalSection
	GlobalSection(ExtensibilityGlobals) = postSolution
		SolutionGuid = {B3DE0E29-B7D1-4FF2-9273-ED19410CE4B5}
	EndGlobalSection
EndGlobal
